
Microsoft Visual Studio Solution File, Format Version 12.00
# Visual Studio Version 17
VisualStudioVersion = 17.8.34330.188
MinimumVisualStudioVersion = 10.0.40219.1
Project("{9A19103F-16F7-4668-BE54-9A1E7A4F7556}") = "RedlandsRoomFinder", "RedlandsRoomFinder\RedlandsRoomFinder.csproj", "{EEB5F78B-77F4-4CDB-9764-99FB3629E520}"
EndProject
Global
	GlobalSection(SolutionConfigurationPlatforms) = preSolution
		Debug|Any CPU = Debug|Any CPU
		Release|Any CPU = Release|Any CPU
	EndGlobalSection
	GlobalSection(ProjectConfigurationPlatforms) = postSolution
		{EEB5F78B-77F4-4CDB-9764-99FB3629E520}.Debug|Any CPU.ActiveCfg = Debug|Any CPU
		{EEB5F78B-77F4-4CDB-9764-99FB3629E520}.Debug|Any CPU.Build.0 = Debug|Any CPU
		{EEB5F78B-77F4-4CDB-9764-99FB3629E520}.Debug|Any CPU.Deploy.0 = Debug|Any CPU
		{EEB5F78B-77F4-4CDB-9764-99FB3629E520}.Release|Any CPU.ActiveCfg = Release|Any CPU
		{EEB5F78B-77F4-4CDB-9764-99FB3629E520}.Release|Any CPU.Build.0 = Release|Any CPU
		{EEB5F78B-77F4-4CDB-9764-99FB3629E520}.Release|Any CPU.Deploy.0 = Release|Any CPU
	EndGlobalSection
	GlobalSection(SolutionProperties) = preSolution
		HideSolutionNode = FALSE
	EndGlobalSection
	GlobalSection(ExtensibilityGlobals) = postSolution
		SolutionGuid = {5A8603BA-E635-4BF9-849A-E7ABC10FEC75}
	EndGlobalSection
EndGlobal
